
Microsoft Visual Studio Solution File, Format Version 12.00
# Visual Studio Version 16
VisualStudioVersion = 16.0.31129.286
MinimumVisualStudioVersion = 10.0.40219.1
Project("{FAE04EC0-301F-11D3-BF4B-00C04F79EFBC}") = "NotusWeb", "NotusWeb\NotusWeb.csproj", "{17B1A3AA-71B2-4FF8-9FB6-9D5BD65600CF}"
EndProject
Project("{FAE04EC0-301F-11D3-BF4B-00C04F79EFBC}") = "NotusWeb.busniess", "NotusWeb.busniess\NotusWeb.busniess.csproj", "{84A028CC-8BA2-4F40-A682-F10A419B6FC0}"
EndProject
Project("{FAE04EC0-301F-11D3-BF4B-00C04F79EFBC}") = "NotusWeb.data", "NotusWeb.data\NotusWeb.data.csproj", "{192D875D-7A92-4087-A039-E026A2D41DAF}"
EndProject
Global
	GlobalSection(SolutionConfigurationPlatforms) = preSolution
		Debug|Any CPU = Debug|Any CPU
		Release|Any CPU = Release|Any CPU
	EndGlobalSection
	GlobalSection(ProjectConfigurationPlatforms) = postSolution
		{17B1A3AA-71B2-4FF8-9FB6-9D5BD65600CF}.Debug|Any CPU.ActiveCfg = Debug|Any CPU
		{17B1A3AA-71B2-4FF8-9FB6-9D5BD65600CF}.Debug|Any CPU.Build.0 = Debug|Any CPU
		{17B1A3AA-71B2-4FF8-9FB6-9D5BD65600CF}.Release|Any CPU.ActiveCfg = Release|Any CPU
		{17B1A3AA-71B2-4FF8-9FB6-9D5BD65600CF}.Release|Any CPU.Build.0 = Release|Any CPU
		{84A028CC-8BA2-4F40-A682-F10A419B6FC0}.Debug|Any CPU.ActiveCfg = Debug|Any CPU
		{84A028CC-8BA2-4F40-A682-F10A419B6FC0}.Debug|Any CPU.Build.0 = Debug|Any CPU
		{84A028CC-8BA2-4F40-A682-F10A419B6FC0}.Release|Any CPU.ActiveCfg = Release|Any CPU
		{84A028CC-8BA2-4F40-A682-F10A419B6FC0}.Release|Any CPU.Build.0 = Release|Any CPU
		{192D875D-7A92-4087-A039-E026A2D41DAF}.Debug|Any CPU.ActiveCfg = Debug|Any CPU
		{192D875D-7A92-4087-A039-E026A2D41DAF}.Debug|Any CPU.Build.0 = Debug|Any CPU
		{192D875D-7A92-4087-A039-E026A2D41DAF}.Release|Any CPU.ActiveCfg = Release|Any CPU
		{192D875D-7A92-4087-A039-E026A2D41DAF}.Release|Any CPU.Build.0 = Release|Any CPU
	EndGlobalSection
	GlobalSection(SolutionProperties) = preSolution
		HideSolutionNode = FALSE
	EndGlobalSection
	GlobalSection(ExtensibilityGlobals) = postSolution
		SolutionGuid = {4D7A97E8-89F1-4C04-9BF5-69E143E6FE26}
	EndGlobalSection
EndGlobal
